
Microsoft Visual Studio Solution File, Format Version 12.00
# Visual Studio Version 16
VisualStudioVersion = 16.0.31515.178
MinimumVisualStudioVersion = 10.0.40219.1
Project("{FAE04EC0-301F-11D3-BF4B-00C04F79EFBC}") = "CourseManager", "CourseManager.csproj", "{9E699545-9994-4A22-8505-71D15A001C53}"
EndProject
Global
	GlobalSection(SolutionConfigurationPlatforms) = preSolution
		Debug|Any CPU = Debug|Any CPU
		Release|Any CPU = Release|Any CPU
	EndGlobalSection
	GlobalSection(ProjectConfigurationPlatforms) = postSolution
		{9E699545-9994-4A22-8505-71D15A001C53}.Debug|Any CPU.ActiveCfg = Debug|Any CPU
		{9E699545-9994-4A22-8505-71D15A001C53}.Debug|Any CPU.Build.0 = Debug|Any CPU
		{9E699545-9994-4A22-8505-71D15A001C53}.Release|Any CPU.ActiveCfg = Release|Any CPU
		{9E699545-9994-4A22-8505-71D15A001C53}.Release|Any CPU.Build.0 = Release|Any CPU
	EndGlobalSection
	GlobalSection(SolutionProperties) = preSolution
		HideSolutionNode = FALSE
	EndGlobalSection
	GlobalSection(ExtensibilityGlobals) = postSolution
		SolutionGuid = {794DCB68-0FFE-4859-A42C-B9B1D9758C1F}
	EndGlobalSection
EndGlobal
