
Microsoft Visual Studio Solution File, Format Version 12.00
# Visual Studio Version 16
VisualStudioVersion = 16.0.31515.178
MinimumVisualStudioVersion = 10.0.40219.1
Project("{FAE04EC0-301F-11D3-BF4B-00C04F79EFBC}") = "DataSourcesWizard", "DataSourcesWizard.csproj", "{FD8DF133-9846-4ABE-A9BD-3BF37DD86F62}"
EndProject
Global
	GlobalSection(SolutionConfigurationPlatforms) = preSolution
		Debug|Any CPU = Debug|Any CPU
		Release|Any CPU = Release|Any CPU
	EndGlobalSection
	GlobalSection(ProjectConfigurationPlatforms) = postSolution
		{FD8DF133-9846-4ABE-A9BD-3BF37DD86F62}.Debug|Any CPU.ActiveCfg = Debug|Any CPU
		{FD8DF133-9846-4ABE-A9BD-3BF37DD86F62}.Debug|Any CPU.Build.0 = Debug|Any CPU
		{FD8DF133-9846-4ABE-A9BD-3BF37DD86F62}.Release|Any CPU.ActiveCfg = Release|Any CPU
		{FD8DF133-9846-4ABE-A9BD-3BF37DD86F62}.Release|Any CPU.Build.0 = Release|Any CPU
	EndGlobalSection
	GlobalSection(SolutionProperties) = preSolution
		HideSolutionNode = FALSE
	EndGlobalSection
	GlobalSection(ExtensibilityGlobals) = postSolution
		SolutionGuid = {E8BBD938-5C1E-4CEB-B932-40479D06587A}
	EndGlobalSection
EndGlobal
